
Microsoft Visual Studio Solution File, Format Version 12.00
# Visual Studio Version 17
VisualStudioVersion = 17.5.33414.496
MinimumVisualStudioVersion = 10.0.40219.1
Project("{FAE04EC0-301F-11D3-BF4B-00C04F79EFBC}") = "wcc.rating.api", "wcc.rating.api\wcc.rating.api.csproj", "{A9191E11-09D8-46BE-A9BC-A6CA863E6B75}"
EndProject
Global
	GlobalSection(SolutionConfigurationPlatforms) = preSolution
		Debug|Any CPU = Debug|Any CPU
		Release|Any CPU = Release|Any CPU
	EndGlobalSection
	GlobalSection(ProjectConfigurationPlatforms) = postSolution
		{A9191E11-09D8-46BE-A9BC-A6CA863E6B75}.Debug|Any CPU.ActiveCfg = Debug|Any CPU
		{A9191E11-09D8-46BE-A9BC-A6CA863E6B75}.Debug|Any CPU.Build.0 = Debug|Any CPU
		{A9191E11-09D8-46BE-A9BC-A6CA863E6B75}.Release|Any CPU.ActiveCfg = Release|Any CPU
		{A9191E11-09D8-46BE-A9BC-A6CA863E6B75}.Release|Any CPU.Build.0 = Release|Any CPU
	EndGlobalSection
	GlobalSection(SolutionProperties) = preSolution
		HideSolutionNode = FALSE
	EndGlobalSection
	GlobalSection(ExtensibilityGlobals) = postSolution
		SolutionGuid = {0A5BA80D-2CC8-4B68-8382-E84458EAD39E}
	EndGlobalSection
EndGlobal
